Microsoft Visual Studio Solution File, Format Version 8.00
Project("{8BC9CEB8-8B4A-11D0-8D11-00A0C91BC942}") = "IanOut", "IanOut\IanOut.vcproj", "{C73C38FC-4DB6-4F11-8438-5370754EA146}"
	ProjectSection(ProjectDependencies) = postProject
		{E73CC306-76CC-47AB-8DB0-71338B7BC73F} = {E73CC306-76CC-47AB-8DB0-71338B7BC73F}
		{9FAE0C44-A516-4076-AE48-11ABA9D0154A} = {9FAE0C44-A516-4076-AE48-11ABA9D0154A}
		{3FEC077A-BE7F-4ED3-859B-E38D0EDF7D34} = {3FEC077A-BE7F-4ED3-859B-E38D0EDF7D34}
		{7C409AB8-8990-43E7-84DA-D535D65E0871} = {7C409AB8-8990-43E7-84DA-D535D65E0871}
		{2A220BF0-716C-4B89-A792-090C36B744FE} = {2A220BF0-716C-4B89-A792-090C36B744FE}
		{9FAF2CF9-0AF2-42CA-B301-70A372B39C59} = {9FAF2CF9-0AF2-42CA-B301-70A372B39C59}
	EndProjectSection
EndProject
Project("{8BC9CEB8-8B4A-11D0-8D11-00A0C91BC942}") = "IanOutEd", "IanOutEd\IanOutEd.vcproj", "{CB018737-BA7B-4AD0-836E-A75DF45B76B7}"
	ProjectSection(ProjectDependencies) = postProject
		{E73CC306-76CC-47AB-8DB0-71338B7BC73F} = {E73CC306-76CC-47AB-8DB0-71338B7BC73F}
		{9FAE0C44-A516-4076-AE48-11ABA9D0154A} = {9FAE0C44-A516-4076-AE48-11ABA9D0154A}
		{3FEC077A-BE7F-4ED3-859B-E38D0EDF7D34} = {3FEC077A-BE7F-4ED3-859B-E38D0EDF7D34}
		{7C409AB8-8990-43E7-84DA-D535D65E0871} = {7C409AB8-8990-43E7-84DA-D535D65E0871}
	EndProjectSection
EndProject
Project("{8BC9CEB8-8B4A-11D0-8D11-00A0C91BC942}") = "zLib", "zLib\zLib.vcproj", "{9FAE0C44-A516-4076-AE48-11ABA9D0154A}"
	ProjectSection(ProjectDependencies) = postProject
	EndProjectSection
EndProject
Project("{8BC9CEB8-8B4A-11D0-8D11-00A0C91BC942}") = "tinyxmlSTL", "TinyXML\tinyxmlSTL.vcproj", "{E73CC306-76CC-47AB-8DB0-71338B7BC73F}"
	ProjectSection(ProjectDependencies) = postProject
	EndProjectSection
EndProject
Project("{8BC9CEB8-8B4A-11D0-8D11-00A0C91BC942}") = "FRMObject", "FRMObject\FRMObject.vcproj", "{7C409AB8-8990-43E7-84DA-D535D65E0871}"
	ProjectSection(ProjectDependencies) = postProject
		{9FAE0C44-A516-4076-AE48-11ABA9D0154A} = {9FAE0C44-A516-4076-AE48-11ABA9D0154A}
		{3FEC077A-BE7F-4ED3-859B-E38D0EDF7D34} = {3FEC077A-BE7F-4ED3-859B-E38D0EDF7D34}
	EndProjectSection
EndProject
Project("{8BC9CEB8-8B4A-11D0-8D11-00A0C91BC942}") = "CommonUtils", "CommonUtils\CommonUtils.vcproj", "{3FEC077A-BE7F-4ED3-859B-E38D0EDF7D34}"
	ProjectSection(ProjectDependencies) = postProject
		{E73CC306-76CC-47AB-8DB0-71338B7BC73F} = {E73CC306-76CC-47AB-8DB0-71338B7BC73F}
		{9FAE0C44-A516-4076-AE48-11ABA9D0154A} = {9FAE0C44-A516-4076-AE48-11ABA9D0154A}
	EndProjectSection
EndProject
Project("{8BC9CEB8-8B4A-11D0-8D11-00A0C91BC942}") = "LuaLib", "LuaLib\LuaLib.vcproj", "{2A220BF0-716C-4B89-A792-090C36B744FE}"
	ProjectSection(ProjectDependencies) = postProject
	EndProjectSection
EndProject
Project("{8BC9CEB8-8B4A-11D0-8D11-00A0C91BC942}") = "LuaBind", "LuaBind\LuaBind.vcproj", "{9FAF2CF9-0AF2-42CA-B301-70A372B39C59}"
	ProjectSection(ProjectDependencies) = postProject
		{2A220BF0-716C-4B89-A792-090C36B744FE} = {2A220BF0-716C-4B89-A792-090C36B744FE}
	EndProjectSection
EndProject
Global
	GlobalSection(SourceCodeControl) = preSolution
		SccNumberOfProjects = 9
		SccProjectName0 = IanOutB3
		SccLocalPath0 = .
		SccProvider0 = MSSCCI:Jalindi\u0020Igloo
		CanCheckoutShared = false
		SolutionUniqueID = {568D69BF-5215-468B-8C4F-748F3B9DAF06}
		SccProjectUniqueName1 = CommonUtils\\CommonUtils.vcproj
		SccLocalPath1 = .
		CanCheckoutShared = false
		SccProjectFilePathRelativizedFromConnection1 = CommonUtils\\
		SccProjectUniqueName2 = FRMObject\\FRMObject.vcproj
		SccLocalPath2 = .
		CanCheckoutShared = false
		SccProjectFilePathRelativizedFromConnection2 = FRMObject\\
		SccProjectUniqueName3 = IanOut\\IanOut.vcproj
		SccLocalPath3 = .
		CanCheckoutShared = false
		SccProjectFilePathRelativizedFromConnection3 = IanOut\\
		SccProjectUniqueName4 = IanOutEd\\IanOutEd.vcproj
		SccLocalPath4 = .
		CanCheckoutShared = false
		SccProjectFilePathRelativizedFromConnection4 = IanOutEd\\
		SccProjectUniqueName5 = LuaBind\\LuaBind.vcproj
		SccLocalPath5 = .
		CanCheckoutShared = false
		SccProjectFilePathRelativizedFromConnection5 = LuaBind\\
		SccProjectUniqueName6 = LuaLib\\LuaLib.vcproj
		SccLocalPath6 = .
		CanCheckoutShared = false
		SccProjectFilePathRelativizedFromConnection6 = LuaLib\\
		SccProjectUniqueName7 = TinyXML\\tinyxmlSTL.vcproj
		SccLocalPath7 = .
		CanCheckoutShared = false
		SccProjectFilePathRelativizedFromConnection7 = TinyXML\\
		SccProjectUniqueName8 = zLib\\zLib.vcproj
		SccLocalPath8 = .
		CanCheckoutShared = false
		SccProjectFilePathRelativizedFromConnection8 = zLib\\
	EndGlobalSection
	GlobalSection(SolutionConfiguration) = preSolution
		Debug = Debug
		Release = Release
	EndGlobalSection
	GlobalSection(ProjectConfiguration) = postSolution
		{C73C38FC-4DB6-4F11-8438-5370754EA146}.Debug.ActiveCfg = Release|Win32
		{C73C38FC-4DB6-4F11-8438-5370754EA146}.Debug.Build.0 = Release|Win32
		{C73C38FC-4DB6-4F11-8438-5370754EA146}.Release.ActiveCfg = Release|Win32
		{C73C38FC-4DB6-4F11-8438-5370754EA146}.Release.Build.0 = Release|Win32
		{CB018737-BA7B-4AD0-836E-A75DF45B76B7}.Debug.ActiveCfg = Release|Win32
		{CB018737-BA7B-4AD0-836E-A75DF45B76B7}.Debug.Build.0 = Release|Win32
		{CB018737-BA7B-4AD0-836E-A75DF45B76B7}.Release.ActiveCfg = Release|Win32
		{CB018737-BA7B-4AD0-836E-A75DF45B76B7}.Release.Build.0 = Release|Win32
		{9FAE0C44-A516-4076-AE48-11ABA9D0154A}.Debug.ActiveCfg = Debug|Win32
		{9FAE0C44-A516-4076-AE48-11ABA9D0154A}.Debug.Build.0 = Debug|Win32
		{9FAE0C44-A516-4076-AE48-11ABA9D0154A}.Release.ActiveCfg = Release|Win32
		{9FAE0C44-A516-4076-AE48-11ABA9D0154A}.Release.Build.0 = Release|Win32
		{E73CC306-76CC-47AB-8DB0-71338B7BC73F}.Debug.ActiveCfg = Debug|Win32
		{E73CC306-76CC-47AB-8DB0-71338B7BC73F}.Debug.Build.0 = Debug|Win32
		{E73CC306-76CC-47AB-8DB0-71338B7BC73F}.Release.ActiveCfg = Release|Win32
		{E73CC306-76CC-47AB-8DB0-71338B7BC73F}.Release.Build.0 = Release|Win32
		{7C409AB8-8990-43E7-84DA-D535D65E0871}.Debug.ActiveCfg = Debug|Win32
		{7C409AB8-8990-43E7-84DA-D535D65E0871}.Debug.Build.0 = Debug|Win32
		{7C409AB8-8990-43E7-84DA-D535D65E0871}.Release.ActiveCfg = Release|Win32
		{7C409AB8-8990-43E7-84DA-D535D65E0871}.Release.Build.0 = Release|Win32
		{3FEC077A-BE7F-4ED3-859B-E38D0EDF7D34}.Debug.ActiveCfg = Debug|Win32
		{3FEC077A-BE7F-4ED3-859B-E38D0EDF7D34}.Debug.Build.0 = Debug|Win32
		{3FEC077A-BE7F-4ED3-859B-E38D0EDF7D34}.Release.ActiveCfg = Release|Win32
		{3FEC077A-BE7F-4ED3-859B-E38D0EDF7D34}.Release.Build.0 = Release|Win32
		{2A220BF0-716C-4B89-A792-090C36B744FE}.Debug.ActiveCfg = Debug|Win32
		{2A220BF0-716C-4B89-A792-090C36B744FE}.Debug.Build.0 = Debug|Win32
		{2A220BF0-716C-4B89-A792-090C36B744FE}.Release.ActiveCfg = Release|Win32
		{2A220BF0-716C-4B89-A792-090C36B744FE}.Release.Build.0 = Release|Win32
		{9FAF2CF9-0AF2-42CA-B301-70A372B39C59}.Debug.ActiveCfg = Debug|Win32
		{9FAF2CF9-0AF2-42CA-B301-70A372B39C59}.Debug.Build.0 = Debug|Win32
		{9FAF2CF9-0AF2-42CA-B301-70A372B39C59}.Release.ActiveCfg = Release|Win32
		{9FAF2CF9-0AF2-42CA-B301-70A372B39C59}.Release.Build.0 = Release|Win32
	EndGlobalSection
	GlobalSection(ExtensibilityGlobals) = postSolution
	EndGlobalSection
	GlobalSection(ExtensibilityAddIns) = postSolution
	EndGlobalSection
EndGlobal
