<?xml version="1.0" encoding="utf-8"?>
<Project ToolsVersion="4.0" xmlns="http://schemas.microsoft.com/developer/msbuild/2003">
  <ItemGroup>
    <Filter Include="Source Files">
      <UniqueIdentifier>{f74383de-2732-42d5-b8b2-386bc9c6050e}</UniqueIdentifier>
      <Extensions>cpp;c;cxx;def;odl;idl;hpj;bat;asm</Extensions>
    </Filter>
    <Filter Include="Header Files">
      <UniqueIdentifier>{073d2306-bb1e-4f0c-901c-4bb665e221ad}</UniqueIdentifier>
      <Extensions>h;hpp;hxx;hm;inl;inc</Extensions>
    </Filter>
    <Filter Include="Resource Files">
      <UniqueIdentifier>{2739febe-b59e-4844-8bf1-9d2d46c03c8d}</UniqueIdentifier>
      <Extensions>rc;ico;cur;bmp;dlg;rc2;rct;bin;rgs;gif;jpg;jpeg;jpe</Extensions>
    </Filter>
  </ItemGroup>
  <ItemGroup>
    <ClCompile Include="src\done.cpp">
      <Filter>Source Files</Filter>
    </ClCompile>
    <ClCompile Include="src\global.cpp">
      <Filter>Source Files</Filter>
    </ClCompile>
    <ClCompile Include="src\IanOutEd.cpp">
      <Filter>Source Files</Filter>
    </ClCompile>
    <ClCompile Include="src\load.cpp">
      <Filter>Source Files</Filter>
    </ClCompile>
    <ClCompile Include="src\play_crit.cpp">
      <Filter>Source Files</Filter>
    </ClCompile>
    <ClCompile Include="src\play_file.cpp">
      <Filter>Source Files</Filter>
    </ClCompile>
    <ClCompile Include="src\play_inven.cpp">
      <Filter>Source Files</Filter>
    </ClCompile>
    <ClCompile Include="src\play_menu.cpp">
      <Filter>Source Files</Filter>
    </ClCompile>
    <ClCompile Include="src\play_normal.cpp">
      <Filter>Source Files</Filter>
    </ClCompile>
    <ClCompile Include="src\play_obje.cpp">
      <Filter>Source Files</Filter>
    </ClCompile>
    <ClCompile Include="src\play_terep.cpp">
      <Filter>Source Files</Filter>
    </ClCompile>
    <ClCompile Include="src\terep.cpp">
      <Filter>Source Files</Filter>
    </ClCompile>
  </ItemGroup>
  <ItemGroup>
    <ClInclude Include="done.h">
      <Filter>Header Files</Filter>
    </ClInclude>
    <ClInclude Include="global.h">
      <Filter>Header Files</Filter>
    </ClInclude>
    <ClInclude Include="load.h">
      <Filter>Header Files</Filter>
    </ClInclude>
    <ClInclude Include="play.h">
      <Filter>Header Files</Filter>
    </ClInclude>
    <ClInclude Include="Resource.h">
      <Filter>Header Files</Filter>
    </ClInclude>
    <ClInclude Include="terep.h">
      <Filter>Header Files</Filter>
    </ClInclude>
  </ItemGroup>
  <ItemGroup>
    <ResourceCompile Include="IanOutEd.rc">
      <Filter>Resource Files</Filter>
    </ResourceCompile>
  </ItemGroup>
</Project>